
Microsoft Visual Studio Solution File, Format Version 12.00
# Visual Studio Version 16
VisualStudioVersion = 16.0.31025.194
MinimumVisualStudioVersion = 10.0.40219.1
Project("{FAE04EC0-301F-11D3-BF4B-00C04F79EFBC}") = "API", "API\API.csproj", "{348EC2CE-BCBB-46F9-B989-C5D5157A2598}"
EndProject
Project("{FAE04EC0-301F-11D3-BF4B-00C04F79EFBC}") = "Consumer", "Consumer\Consumer.csproj", "{5A0AE357-0CBF-422E-B752-48DD72687AB6}"
EndProject
Global
	GlobalSection(SolutionConfigurationPlatforms) = preSolution
		Debug|Any CPU = Debug|Any CPU
		Release|Any CPU = Release|Any CPU
	EndGlobalSection
	GlobalSection(ProjectConfigurationPlatforms) = postSolution
		{348EC2CE-BCBB-46F9-B989-C5D5157A2598}.Debug|Any CPU.ActiveCfg = Debug|Any CPU
		{348EC2CE-BCBB-46F9-B989-C5D5157A2598}.Debug|Any CPU.Build.0 = Debug|Any CPU
		{348EC2CE-BCBB-46F9-B989-C5D5157A2598}.Release|Any CPU.ActiveCfg = Release|Any CPU
		{348EC2CE-BCBB-46F9-B989-C5D5157A2598}.Release|Any CPU.Build.0 = Release|Any CPU
		{5A0AE357-0CBF-422E-B752-48DD72687AB6}.Debug|Any CPU.ActiveCfg = Debug|Any CPU
		{5A0AE357-0CBF-422E-B752-48DD72687AB6}.Debug|Any CPU.Build.0 = Debug|Any CPU
		{5A0AE357-0CBF-422E-B752-48DD72687AB6}.Release|Any CPU.ActiveCfg = Release|Any CPU
		{5A0AE357-0CBF-422E-B752-48DD72687AB6}.Release|Any CPU.Build.0 = Release|Any CPU
	EndGlobalSection
	GlobalSection(SolutionProperties) = preSolution
		HideSolutionNode = FALSE
	EndGlobalSection
	GlobalSection(ExtensibilityGlobals) = postSolution
		SolutionGuid = {50A2B5D0-B7EE-472D-B6E3-712F18CFE3C1}
	EndGlobalSection
EndGlobal
